Microsoft Visual Studio Solution File, Format Version 12.00
# Visual Studio Version 17
VisualStudioVersion = 17.10.34928.147
MinimumVisualStudioVersion = 10.0.40219.1
Project("{8BC9CEB8-8B4A-11D0-8D11-00A0C91BC942}") = "Splines", "splines\Splines.vcxproj", "{DBAF2C53-3858-455D-A1AE-3FC093515314}"
EndProject
Project("{8BC9CEB8-8B4A-11D0-8D11-00A0C91BC942}") = "botlib", "botlib\botlib.vcxproj", "{A410161F-AE9F-485D-A01F-5294891430A6}"
EndProject
Project("{8BC9CEB8-8B4A-11D0-8D11-00A0C91BC942}") = "cgame", "cgame\cgame.vcxproj", "{C878E295-CB82-4B40-8ECF-5CE5525466FA}"
EndProject
Project("{8BC9CEB8-8B4A-11D0-8D11-00A0C91BC942}") = "game", "game\game.vcxproj", "{F9EE10DA-2404-4154-B904-F93C936C040A}"
EndProject
Project("{8BC9CEB8-8B4A-11D0-8D11-00A0C91BC942}") = "quake3", "quake3.vcxproj", "{81CB51C4-B434-4E12-B69B-BAEE102F2852}"
EndProject
Project("{8BC9CEB8-8B4A-11D0-8D11-00A0C91BC942}") = "renderer", "renderer\renderer.vcxproj", "{AB424155-FBED-4D8D-B007-5B6CF93EA395}"
EndProject
Project("{8BC9CEB8-8B4A-11D0-8D11-00A0C91BC942}") = "ui", "ui\ui.vcxproj", "{A8EAC38E-C7DA-42F8-811D-77FD092B9D19}"
EndProject
Project("{2150E333-8FDC-42A3-9474-1A3956D46DE8}") = "Engine", "Engine", "{97BC4578-D7A4-484D-A009-D2D7AE131B47}"
EndProject
Project("{2150E333-8FDC-42A3-9474-1A3956D46DE8}") = "Shared", "Shared", "{362D7D07-1C12-4251-ADC6-62A403F7CF79}"
EndProject
Project("{2150E333-8FDC-42A3-9474-1A3956D46DE8}") = "AI", "AI", "{81A435B7-AB48-4107-BBF9-50430A92D3FA}"
EndProject
Project("{2150E333-8FDC-42A3-9474-1A3956D46DE8}") = "VM", "VM", "{51A8E72B-85B0-4461-A4EE-3E82984A06FD}"
EndProject
Project("{2150E333-8FDC-42A3-9474-1A3956D46DE8}") = "Tools", "Tools", "{7F96380E-ADED-4700-A39C-4587CCF880B4}"
EndProject
Project("{8BC9CEB8-8B4A-11D0-8D11-00A0C91BC942}") = "bspc", "bspc\bspc.vcxproj", "{126219BD-AB56-40E0-A431-566547739186}"
EndProject
Project("{8BC9CEB8-8B4A-11D0-8D11-00A0C91BC942}") = "q3map", "..\q3map\q3map.vcxproj", "{B347D665-9DAB-4109-B2D0-4F41C13208EA}"
EndProject
Project("{8BC9CEB8-8B4A-11D0-8D11-00A0C91BC942}") = "pak", "..\libs\pak\pak.vcxproj", "{33D1C892-F8AA-4F7E-98EB-14A8CC47A9B8}"
EndProject
Project("{8BC9CEB8-8B4A-11D0-8D11-00A0C91BC942}") = "jpeg6", "..\libs\jpeg6\jpeg6.vcxproj", "{89A7096A-021A-4F08-AAF0-51ABB1E34D9E}"
EndProject
Project("{8BC9CEB8-8B4A-11D0-8D11-00A0C91BC942}") = "cmdlib", "..\libs\cmdlib\cmdlib.vcxproj", "{A8A1F0DF-6B81-4E4E-A025-8A162EEA558A}"
EndProject
Project("{8BC9CEB8-8B4A-11D0-8D11-00A0C91BC942}") = "Radiant", "..\q3radiant\Radiant.vcxproj", "{649E9736-3EAC-43EE-B027-88D1563C345A}"
EndProject
Project("{8BC9CEB8-8B4A-11D0-8D11-00A0C91BC942}") = "SplinesEditor", "..\q3radiant\splines\Splines.vcxproj", "{11265CA3-93CF-4637-A5E4-31ABD3144689}"
EndProject
Global
	GlobalSection(SolutionConfigurationPlatforms) = preSolution
		Debug|x86 = Debug|x86
		DebugTTimo|x86 = DebugTTimo|x86
		Release|x86 = Release|x86
		ReleaseTTimo|x86 = ReleaseTTimo|x86
	EndGlobalSection
	GlobalSection(ProjectConfigurationPlatforms) = postSolution
		{DBAF2C53-3858-455D-A1AE-3FC093515314}.Debug|x86.ActiveCfg = Debug|Win32
		{DBAF2C53-3858-455D-A1AE-3FC093515314}.Debug|x86.Build.0 = Debug|Win32
		{DBAF2C53-3858-455D-A1AE-3FC093515314}.DebugTTimo|x86.ActiveCfg = Debug|Win32
		{DBAF2C53-3858-455D-A1AE-3FC093515314}.DebugTTimo|x86.Build.0 = Debug|Win32
		{DBAF2C53-3858-455D-A1AE-3FC093515314}.Release|x86.ActiveCfg = Release|Win32
		{DBAF2C53-3858-455D-A1AE-3FC093515314}.Release|x86.Build.0 = Release|Win32
		{DBAF2C53-3858-455D-A1AE-3FC093515314}.ReleaseTTimo|x86.ActiveCfg = Release|Win32
		{DBAF2C53-3858-455D-A1AE-3FC093515314}.ReleaseTTimo|x86.Build.0 = Release|Win32
		{A410161F-AE9F-485D-A01F-5294891430A6}.Debug|x86.ActiveCfg = Debug|Win32
		{A410161F-AE9F-485D-A01F-5294891430A6}.Debug|x86.Build.0 = Debug|Win32
		{A410161F-AE9F-485D-A01F-5294891430A6}.DebugTTimo|x86.ActiveCfg = Debug TA|Win32
		{A410161F-AE9F-485D-A01F-5294891430A6}.DebugTTimo|x86.Build.0 = Debug TA|Win32
		{A410161F-AE9F-485D-A01F-5294891430A6}.Release|x86.ActiveCfg = Release|Win32
		{A410161F-AE9F-485D-A01F-5294891430A6}.Release|x86.Build.0 = Release|Win32
		{A410161F-AE9F-485D-A01F-5294891430A6}.ReleaseTTimo|x86.ActiveCfg = Release TA|Win32
		{A410161F-AE9F-485D-A01F-5294891430A6}.ReleaseTTimo|x86.Build.0 = Release TA|Win32
		{C878E295-CB82-4B40-8ECF-5CE5525466FA}.Debug|x86.ActiveCfg = Debug|Win32
		{C878E295-CB82-4B40-8ECF-5CE5525466FA}.Debug|x86.Build.0 = Debug|Win32
		{C878E295-CB82-4B40-8ECF-5CE5525466FA}.DebugTTimo|x86.ActiveCfg = Debug TA|Win32
		{C878E295-CB82-4B40-8ECF-5CE5525466FA}.DebugTTimo|x86.Build.0 = Debug TA|Win32
		{C878E295-CB82-4B40-8ECF-5CE5525466FA}.Release|x86.ActiveCfg = Release|Win32
		{C878E295-CB82-4B40-8ECF-5CE5525466FA}.Release|x86.Build.0 = Release|Win32
		{C878E295-CB82-4B40-8ECF-5CE5525466FA}.ReleaseTTimo|x86.ActiveCfg = Release TA|Win32
		{C878E295-CB82-4B40-8ECF-5CE5525466FA}.ReleaseTTimo|x86.Build.0 = Release TA|Win32
		{F9EE10DA-2404-4154-B904-F93C936C040A}.Debug|x86.ActiveCfg = Debug|Win32
		{F9EE10DA-2404-4154-B904-F93C936C040A}.Debug|x86.Build.0 = Debug|Win32
		{F9EE10DA-2404-4154-B904-F93C936C040A}.DebugTTimo|x86.ActiveCfg = Debug Alpha|Win32
		{F9EE10DA-2404-4154-B904-F93C936C040A}.DebugTTimo|x86.Build.0 = Debug Alpha|Win32
		{F9EE10DA-2404-4154-B904-F93C936C040A}.Release|x86.ActiveCfg = Release|Win32
		{F9EE10DA-2404-4154-B904-F93C936C040A}.Release|x86.Build.0 = Release|Win32
		{F9EE10DA-2404-4154-B904-F93C936C040A}.ReleaseTTimo|x86.ActiveCfg = Release Alpha|Win32
		{F9EE10DA-2404-4154-B904-F93C936C040A}.ReleaseTTimo|x86.Build.0 = Release Alpha|Win32
		{81CB51C4-B434-4E12-B69B-BAEE102F2852}.Debug|x86.ActiveCfg = Debug|Win32
		{81CB51C4-B434-4E12-B69B-BAEE102F2852}.Debug|x86.Build.0 = Debug|Win32
		{81CB51C4-B434-4E12-B69B-BAEE102F2852}.DebugTTimo|x86.ActiveCfg = Debug TA DEMO|Win32
		{81CB51C4-B434-4E12-B69B-BAEE102F2852}.DebugTTimo|x86.Build.0 = Debug TA DEMO|Win32
		{81CB51C4-B434-4E12-B69B-BAEE102F2852}.Release|x86.ActiveCfg = Release|Win32
		{81CB51C4-B434-4E12-B69B-BAEE102F2852}.Release|x86.Build.0 = Release|Win32
		{81CB51C4-B434-4E12-B69B-BAEE102F2852}.ReleaseTTimo|x86.ActiveCfg = Release TA DEMO|Win32
		{81CB51C4-B434-4E12-B69B-BAEE102F2852}.ReleaseTTimo|x86.Build.0 = Release TA DEMO|Win32
		{AB424155-FBED-4D8D-B007-5B6CF93EA395}.Debug|x86.ActiveCfg = Debug|Win32
		{AB424155-FBED-4D8D-B007-5B6CF93EA395}.Debug|x86.Build.0 = Debug|Win32
		{AB424155-FBED-4D8D-B007-5B6CF93EA395}.DebugTTimo|x86.ActiveCfg = Debug TA|Win32
		{AB424155-FBED-4D8D-B007-5B6CF93EA395}.DebugTTimo|x86.Build.0 = Debug TA|Win32
		{AB424155-FBED-4D8D-B007-5B6CF93EA395}.Release|x86.ActiveCfg = Release|Win32
		{AB424155-FBED-4D8D-B007-5B6CF93EA395}.Release|x86.Build.0 = Release|Win32
		{AB424155-FBED-4D8D-B007-5B6CF93EA395}.ReleaseTTimo|x86.ActiveCfg = Release TA|Win32
		{AB424155-FBED-4D8D-B007-5B6CF93EA395}.ReleaseTTimo|x86.Build.0 = Release TA|Win32
		{A8EAC38E-C7DA-42F8-811D-77FD092B9D19}.Debug|x86.ActiveCfg = Debug|Win32
		{A8EAC38E-C7DA-42F8-811D-77FD092B9D19}.Debug|x86.Build.0 = Debug|Win32
		{A8EAC38E-C7DA-42F8-811D-77FD092B9D19}.DebugTTimo|x86.ActiveCfg = Debug TA|Win32
		{A8EAC38E-C7DA-42F8-811D-77FD092B9D19}.DebugTTimo|x86.Build.0 = Debug TA|Win32
		{A8EAC38E-C7DA-42F8-811D-77FD092B9D19}.Release|x86.ActiveCfg = Release|Win32
		{A8EAC38E-C7DA-42F8-811D-77FD092B9D19}.Release|x86.Build.0 = Release|Win32
		{A8EAC38E-C7DA-42F8-811D-77FD092B9D19}.ReleaseTTimo|x86.ActiveCfg = Release TA|Win32
		{A8EAC38E-C7DA-42F8-811D-77FD092B9D19}.ReleaseTTimo|x86.Build.0 = Release TA|Win32
		{126219BD-AB56-40E0-A431-566547739186}.Debug|x86.ActiveCfg = Debug|Win32
		{126219BD-AB56-40E0-A431-566547739186}.Debug|x86.Build.0 = Debug|Win32
		{126219BD-AB56-40E0-A431-566547739186}.DebugTTimo|x86.ActiveCfg = Debug|Win32
		{126219BD-AB56-40E0-A431-566547739186}.DebugTTimo|x86.Build.0 = Debug|Win32
		{126219BD-AB56-40E0-A431-566547739186}.Release|x86.ActiveCfg = Release|Win32
		{126219BD-AB56-40E0-A431-566547739186}.Release|x86.Build.0 = Release|Win32
		{126219BD-AB56-40E0-A431-566547739186}.ReleaseTTimo|x86.ActiveCfg = Release|Win32
		{126219BD-AB56-40E0-A431-566547739186}.ReleaseTTimo|x86.Build.0 = Release|Win32
		{B347D665-9DAB-4109-B2D0-4F41C13208EA}.Debug|x86.ActiveCfg = Debug|Win32
		{B347D665-9DAB-4109-B2D0-4F41C13208EA}.Debug|x86.Build.0 = Debug|Win32
		{B347D665-9DAB-4109-B2D0-4F41C13208EA}.DebugTTimo|x86.ActiveCfg = DebugTTimo|Win32
		{B347D665-9DAB-4109-B2D0-4F41C13208EA}.DebugTTimo|x86.Build.0 = DebugTTimo|Win32
		{B347D665-9DAB-4109-B2D0-4F41C13208EA}.Release|x86.ActiveCfg = Release|Win32
		{B347D665-9DAB-4109-B2D0-4F41C13208EA}.Release|x86.Build.0 = Release|Win32
		{B347D665-9DAB-4109-B2D0-4F41C13208EA}.ReleaseTTimo|x86.ActiveCfg = ReleaseTTimo|Win32
		{B347D665-9DAB-4109-B2D0-4F41C13208EA}.ReleaseTTimo|x86.Build.0 = ReleaseTTimo|Win32
		{33D1C892-F8AA-4F7E-98EB-14A8CC47A9B8}.Debug|x86.ActiveCfg = Debug|Win32
		{33D1C892-F8AA-4F7E-98EB-14A8CC47A9B8}.Debug|x86.Build.0 = Debug|Win32
		{33D1C892-F8AA-4F7E-98EB-14A8CC47A9B8}.DebugTTimo|x86.ActiveCfg = Debug|Win32
		{33D1C892-F8AA-4F7E-98EB-14A8CC47A9B8}.DebugTTimo|x86.Build.0 = Debug|Win32
		{33D1C892-F8AA-4F7E-98EB-14A8CC47A9B8}.Release|x86.ActiveCfg = Release|Win32
		{33D1C892-F8AA-4F7E-98EB-14A8CC47A9B8}.Release|x86.Build.0 = Release|Win32
		{33D1C892-F8AA-4F7E-98EB-14A8CC47A9B8}.ReleaseTTimo|x86.ActiveCfg = Release|Win32
		{33D1C892-F8AA-4F7E-98EB-14A8CC47A9B8}.ReleaseTTimo|x86.Build.0 = Release|Win32
		{89A7096A-021A-4F08-AAF0-51ABB1E34D9E}.Debug|x86.ActiveCfg = Debug|Win32
		{89A7096A-021A-4F08-AAF0-51ABB1E34D9E}.Debug|x86.Build.0 = Debug|Win32
		{89A7096A-021A-4F08-AAF0-51ABB1E34D9E}.DebugTTimo|x86.ActiveCfg = Debug|Win32
		{89A7096A-021A-4F08-AAF0-51ABB1E34D9E}.DebugTTimo|x86.Build.0 = Debug|Win32
		{89A7096A-021A-4F08-AAF0-51ABB1E34D9E}.Release|x86.ActiveCfg = Release|Win32
		{89A7096A-021A-4F08-AAF0-51ABB1E34D9E}.Release|x86.Build.0 = Release|Win32
		{89A7096A-021A-4F08-AAF0-51ABB1E34D9E}.ReleaseTTimo|x86.ActiveCfg = Release|Win32
		{89A7096A-021A-4F08-AAF0-51ABB1E34D9E}.ReleaseTTimo|x86.Build.0 = Release|Win32
		{A8A1F0DF-6B81-4E4E-A025-8A162EEA558A}.Debug|x86.ActiveCfg = Debug|Win32
		{A8A1F0DF-6B81-4E4E-A025-8A162EEA558A}.Debug|x86.Build.0 = Debug|Win32
		{A8A1F0DF-6B81-4E4E-A025-8A162EEA558A}.DebugTTimo|x86.ActiveCfg = Debug|Win32
		{A8A1F0DF-6B81-4E4E-A025-8A162EEA558A}.DebugTTimo|x86.Build.0 = Debug|Win32
		{A8A1F0DF-6B81-4E4E-A025-8A162EEA558A}.Release|x86.ActiveCfg = Release|Win32
		{A8A1F0DF-6B81-4E4E-A025-8A162EEA558A}.Release|x86.Build.0 = Release|Win32
		{A8A1F0DF-6B81-4E4E-A025-8A162EEA558A}.ReleaseTTimo|x86.ActiveCfg = Release|Win32
		{A8A1F0DF-6B81-4E4E-A025-8A162EEA558A}.ReleaseTTimo|x86.Build.0 = Release|Win32
		{649E9736-3EAC-43EE-B027-88D1563C345A}.Debug|x86.ActiveCfg = Debug|Win32
		{649E9736-3EAC-43EE-B027-88D1563C345A}.Debug|x86.Build.0 = Debug|Win32
		{649E9736-3EAC-43EE-B027-88D1563C345A}.DebugTTimo|x86.ActiveCfg = DebugTTimo|Win32
		{649E9736-3EAC-43EE-B027-88D1563C345A}.DebugTTimo|x86.Build.0 = DebugTTimo|Win32
		{649E9736-3EAC-43EE-B027-88D1563C345A}.Release|x86.ActiveCfg = Release|Win32
		{649E9736-3EAC-43EE-B027-88D1563C345A}.Release|x86.Build.0 = Release|Win32
		{649E9736-3EAC-43EE-B027-88D1563C345A}.ReleaseTTimo|x86.ActiveCfg = ReleaseTTimo|Win32
		{649E9736-3EAC-43EE-B027-88D1563C345A}.ReleaseTTimo|x86.Build.0 = ReleaseTTimo|Win32
		{11265CA3-93CF-4637-A5E4-31ABD3144689}.Debug|x86.ActiveCfg = Debug|Win32
		{11265CA3-93CF-4637-A5E4-31ABD3144689}.Debug|x86.Build.0 = Debug|Win32
		{11265CA3-93CF-4637-A5E4-31ABD3144689}.DebugTTimo|x86.ActiveCfg = Debug|Win32
		{11265CA3-93CF-4637-A5E4-31ABD3144689}.DebugTTimo|x86.Build.0 = Debug|Win32
		{11265CA3-93CF-4637-A5E4-31ABD3144689}.Release|x86.ActiveCfg = Release|Win32
		{11265CA3-93CF-4637-A5E4-31ABD3144689}.Release|x86.Build.0 = Release|Win32
		{11265CA3-93CF-4637-A5E4-31ABD3144689}.ReleaseTTimo|x86.ActiveCfg = Release|Win32
		{11265CA3-93CF-4637-A5E4-31ABD3144689}.ReleaseTTimo|x86.Build.0 = Release|Win32
	EndGlobalSection
	GlobalSection(SolutionProperties) = preSolution
		HideSolutionNode = FALSE
	EndGlobalSection
	GlobalSection(NestedProjects) = preSolution
		{DBAF2C53-3858-455D-A1AE-3FC093515314} = {362D7D07-1C12-4251-ADC6-62A403F7CF79}
		{A410161F-AE9F-485D-A01F-5294891430A6} = {81A435B7-AB48-4107-BBF9-50430A92D3FA}
		{C878E295-CB82-4B40-8ECF-5CE5525466FA} = {51A8E72B-85B0-4461-A4EE-3E82984A06FD}
		{F9EE10DA-2404-4154-B904-F93C936C040A} = {51A8E72B-85B0-4461-A4EE-3E82984A06FD}
		{81CB51C4-B434-4E12-B69B-BAEE102F2852} = {97BC4578-D7A4-484D-A009-D2D7AE131B47}
		{AB424155-FBED-4D8D-B007-5B6CF93EA395} = {97BC4578-D7A4-484D-A009-D2D7AE131B47}
		{A8EAC38E-C7DA-42F8-811D-77FD092B9D19} = {51A8E72B-85B0-4461-A4EE-3E82984A06FD}
		{126219BD-AB56-40E0-A431-566547739186} = {7F96380E-ADED-4700-A39C-4587CCF880B4}
		{B347D665-9DAB-4109-B2D0-4F41C13208EA} = {7F96380E-ADED-4700-A39C-4587CCF880B4}
		{33D1C892-F8AA-4F7E-98EB-14A8CC47A9B8} = {362D7D07-1C12-4251-ADC6-62A403F7CF79}
		{89A7096A-021A-4F08-AAF0-51ABB1E34D9E} = {362D7D07-1C12-4251-ADC6-62A403F7CF79}
		{A8A1F0DF-6B81-4E4E-A025-8A162EEA558A} = {362D7D07-1C12-4251-ADC6-62A403F7CF79}
		{649E9736-3EAC-43EE-B027-88D1563C345A} = {7F96380E-ADED-4700-A39C-4587CCF880B4}
		{11265CA3-93CF-4637-A5E4-31ABD3144689} = {362D7D07-1C12-4251-ADC6-62A403F7CF79}
	EndGlobalSection
	GlobalSection(ExtensibilityGlobals) = postSolution
		SolutionGuid = {1DF805F5-2730-4E49-93ED-FD02CF97222E}
	EndGlobalSection
EndGlobal
