<?xml version="1.0" encoding="utf-8"?>
<Project ToolsVersion="4.0" xmlns="http://schemas.microsoft.com/developer/msbuild/2003">
  <ItemGroup>
    <Filter Include="Source Files">
      <UniqueIdentifier>{8cffe42d-0667-416c-820b-576852715d15}</UniqueIdentifier>
      <Extensions>cpp;c;cxx;rc;def;r;odl;idl;hpj;bat</Extensions>
    </Filter>
    <Filter Include="Header Files">
      <UniqueIdentifier>{65e9cd5c-4390-4451-bcc6-3472ddc40aa3}</UniqueIdentifier>
      <Extensions>h;hpp;hxx;hm;inl</Extensions>
    </Filter>
  </ItemGroup>
  <ItemGroup>
    <ClCompile Include="jcomapi.cpp">
      <Filter>Source Files</Filter>
    </ClCompile>
    <ClCompile Include="jdapimin.cpp">
      <Filter>Source Files</Filter>
    </ClCompile>
    <ClCompile Include="jdapistd.cpp">
      <Filter>Source Files</Filter>
    </ClCompile>
    <ClCompile Include="jdatasrc.cpp">
      <Filter>Source Files</Filter>
    </ClCompile>
    <ClCompile Include="jdcoefct.cpp">
      <Filter>Source Files</Filter>
    </ClCompile>
    <ClCompile Include="jdcolor.cpp">
      <Filter>Source Files</Filter>
    </ClCompile>
    <ClCompile Include="jddctmgr.cpp">
      <Filter>Source Files</Filter>
    </ClCompile>
    <ClCompile Include="jdhuff.cpp">
      <Filter>Source Files</Filter>
    </ClCompile>
    <ClCompile Include="jdinput.cpp">
      <Filter>Source Files</Filter>
    </ClCompile>
    <ClCompile Include="jdmainct.cpp">
      <Filter>Source Files</Filter>
    </ClCompile>
    <ClCompile Include="jdmarker.cpp">
      <Filter>Source Files</Filter>
    </ClCompile>
    <ClCompile Include="jdmaster.cpp">
      <Filter>Source Files</Filter>
    </ClCompile>
    <ClCompile Include="jdpostct.cpp">
      <Filter>Source Files</Filter>
    </ClCompile>
    <ClCompile Include="jdsample.cpp">
      <Filter>Source Files</Filter>
    </ClCompile>
    <ClCompile Include="jdtrans.cpp">
      <Filter>Source Files</Filter>
    </ClCompile>
    <ClCompile Include="jerror.cpp">
      <Filter>Source Files</Filter>
    </ClCompile>
    <ClCompile Include="jfdctflt.cpp">
      <Filter>Source Files</Filter>
    </ClCompile>
    <ClCompile Include="jidctflt.cpp">
      <Filter>Source Files</Filter>
    </ClCompile>
    <ClCompile Include="jmemmgr.cpp">
      <Filter>Source Files</Filter>
    </ClCompile>
    <ClCompile Include="jmemnobs.cpp">
      <Filter>Source Files</Filter>
    </ClCompile>
    <ClCompile Include="jpgload.cpp">
      <Filter>Source Files</Filter>
    </ClCompile>
    <ClCompile Include="jutils.cpp">
      <Filter>Source Files</Filter>
    </ClCompile>
  </ItemGroup>
  <ItemGroup>
    <ClInclude Include="jchuff.h">
      <Filter>Header Files</Filter>
    </ClInclude>
    <ClInclude Include="jconfig.h">
      <Filter>Header Files</Filter>
    </ClInclude>
    <ClInclude Include="jdct.h">
      <Filter>Header Files</Filter>
    </ClInclude>
    <ClInclude Include="jdhuff.h">
      <Filter>Header Files</Filter>
    </ClInclude>
    <ClInclude Include="jerror.h">
      <Filter>Header Files</Filter>
    </ClInclude>
    <ClInclude Include="jinclude.h">
      <Filter>Header Files</Filter>
    </ClInclude>
    <ClInclude Include="jmemsys.h">
      <Filter>Header Files</Filter>
    </ClInclude>
    <ClInclude Include="jmorecfg.h">
      <Filter>Header Files</Filter>
    </ClInclude>
    <ClInclude Include="jpegint.h">
      <Filter>Header Files</Filter>
    </ClInclude>
    <ClInclude Include="jversion.h">
      <Filter>Header Files</Filter>
    </ClInclude>
  </ItemGroup>
</Project>